{
  "name": "datadatadata",
  "version": "1.0.0",
  "lockfileVersion": 2,
  "requires": true,
  "packages": {
    "": {
      "name": "datadatadata",
      "version": "1.0.0",
      "license": "MIT",
      "dependencies": {
        "audio-sync-with-text": "^1.0.0"
      }
    },
    "node_modules/audio-sync-with-text": {
      "version": "1.0.0",
      "resolved": "https://registry.npmjs.org/audio-sync-with-text/-/audio-sync-with-text-1.0.0.tgz",
      "integrity": "sha512-YyV6R22b1i/0GEShqbfc2CM66gL9bk+N+eLGEmPzqfYGL6WkJhEy7mRA/GhwKMUwxUkhC5v1w1TZZ+51r89ytg==",
      "dependencies": {
        "vtt-json": "^1.0.1"
      }
    },
    "node_modules/vtt-json": {
      "version": "1.0.1",
      "resolved": "https://registry.npmjs.org/vtt-json/-/vtt-json-1.0.1.tgz",
      "integrity": "sha1-URHJ86NeTCQP+fVJGjKlmWTopOM="
    }
  },
  "dependencies": {
    "audio-sync-with-text": {
      "version": "1.0.0",
      "resolved": "https://registry.npmjs.org/audio-sync-with-text/-/audio-sync-with-text-1.0.0.tgz",
      "integrity": "sha512-YyV6R22b1i/0GEShqbfc2CM66gL9bk+N+eLGEmPzqfYGL6WkJhEy7mRA/GhwKMUwxUkhC5v1w1TZZ+51r89ytg==",
      "requires": {
        "vtt-json": "^1.0.1"
      }
    },
    "vtt-json": {
      "version": "1.0.1",
      "resolved": "https://registry.npmjs.org/vtt-json/-/vtt-json-1.0.1.tgz",
      "integrity": "sha1-URHJ86NeTCQP+fVJGjKlmWTopOM="
    }
  }
}
